# This file is automatically @generated by Wally.
# It is not intended for manual editing.
registry = "test"

[[package]]
name = "ciber/test-place"
version = "0.1.0"
dependencies = [["packet", "enzzyfrenzzy/packet@1.7.0"], ["ProfileService", "firebird702/profileservice@1.1.0"]]

[[package]]
name = "enzzyfrenzzy/packet"
version = "1.7.0"
dependencies = []

[[package]]
name = "firebird702/profileservice"
version = "1.1.0"
dependencies = []
